
Microsoft Visual Studio Solution File, Format Version 12.00
# Visual Studio Version 17
VisualStudioVersion = 17.10.35027.167
MinimumVisualStudioVersion = 10.0.40219.1
Project("{2150E333-8FDC-42A3-9474-1A3956D46DE8}") = "WF.Solucoes", "WF.Solucoes", "{270FD780-CB0F-4ED2-B47A-A685ACDF72D5}"
	ProjectSection(SolutionItems) = preProject
		EscopoSolucoes.cs = EscopoSolucoes.cs
	EndProjectSection
EndProject
Project("{2150E333-8FDC-42A3-9474-1A3956D46DE8}") = "WF.Shared", "WF.Shared", "{CBF80AC3-F2A3-4738-8E9F-CD10C66729F7}"
	ProjectSection(SolutionItems) = preProject
		Escopo.cs = Escopo.cs
	EndProjectSection
EndProject
Project("{2150E333-8FDC-42A3-9474-1A3956D46DE8}") = "WF.GerenciarDespesas", "WF.GerenciarDespesas", "{FC820FD5-0407-4761-B87B-58D73E788D9C}"
EndProject
Project("{2150E333-8FDC-42A3-9474-1A3956D46DE8}") = "WF.ControleDePonto", "WF.ControleDePonto", "{A5EE604E-C0F9-4AFB-B77F-47E7414BFBD3}"
EndProject
Project("{FAE04EC0-301F-11D3-BF4B-00C04F79EFBC}") = "WF.GerenciarDespesas.Application", "WF.GerenciarDespesas.Application\WF.GerenciarDespesas.Application.csproj", "{9E3CDB32-C09B-4D2E-92B7-B12616B399E8}"
EndProject
Project("{2150E333-8FDC-42A3-9474-1A3956D46DE8}") = "Application", "Application", "{72717E35-DB15-4A19-9973-B3EDD76281CF}"
EndProject
Project("{2150E333-8FDC-42A3-9474-1A3956D46DE8}") = "Presentation", "Presentation", "{FD078FCA-31E3-42B4-874B-807E3EEFF6FA}"
EndProject
Project("{2150E333-8FDC-42A3-9474-1A3956D46DE8}") = "Domain", "Domain", "{728755B9-2133-4B9B-8337-B99C7ED42B9E}"
EndProject
Project("{2150E333-8FDC-42A3-9474-1A3956D46DE8}") = "Data", "Data", "{A39EE7BC-D383-4B80-9685-3697726200A6}"
EndProject
Project("{2150E333-8FDC-42A3-9474-1A3956D46DE8}") = "Infra", "Infra", "{28C86749-F192-411F-A7A6-B0BD995107B7}"
EndProject
Project("{2150E333-8FDC-42A3-9474-1A3956D46DE8}") = "Application", "Application", "{14420761-D401-4B37-BBAC-E63D729FA90B}"
EndProject
Project("{2150E333-8FDC-42A3-9474-1A3956D46DE8}") = "Data", "Data", "{8C8967C0-720B-4562-8801-9E6AAB810E95}"
EndProject
Project("{2150E333-8FDC-42A3-9474-1A3956D46DE8}") = "Domain", "Domain", "{BDCA3C73-1DC3-49E8-8472-5528706F4B30}"
EndProject
Project("{2150E333-8FDC-42A3-9474-1A3956D46DE8}") = "Infra", "Infra", "{A3E61ED8-E88A-472E-94CB-F8DE6424DA2E}"
EndProject
Project("{2150E333-8FDC-42A3-9474-1A3956D46DE8}") = "Presentation", "Presentation", "{5141B7FE-4013-46A0-A10D-B9731D5AC5D4}"
EndProject
Project("{2150E333-8FDC-42A3-9474-1A3956D46DE8}") = "Database", "Database", "{E9AAC929-34AA-4470-B156-60A7206C0B2A}"
EndProject
Project("{2150E333-8FDC-42A3-9474-1A3956D46DE8}") = "Extensions", "Extensions", "{F8008B9E-C2CA-4B1A-8EBB-C3BEE758FEEC}"
EndProject
Project("{2150E333-8FDC-42A3-9474-1A3956D46DE8}") = "Data", "Data", "{773B2A6D-3FF3-43B4-9EC3-B880417C6E8B}"
EndProject
Project("{2150E333-8FDC-42A3-9474-1A3956D46DE8}") = "Utilities", "Utilities", "{FA21AF70-3A70-4E7A-8151-DCADD0FD4A8A}"
EndProject
Project("{2150E333-8FDC-42A3-9474-1A3956D46DE8}") = "Application", "Application", "{E516F863-14CC-4EA0-A029-C565D96C880B}"
EndProject
Global
	GlobalSection(SolutionConfigurationPlatforms) = preSolution
		Debug|Any CPU = Debug|Any CPU
		Release|Any CPU = Release|Any CPU
	EndGlobalSection
	GlobalSection(ProjectConfigurationPlatforms) = postSolution
		{9E3CDB32-C09B-4D2E-92B7-B12616B399E8}.Debug|Any CPU.ActiveCfg = Debug|Any CPU
		{9E3CDB32-C09B-4D2E-92B7-B12616B399E8}.Debug|Any CPU.Build.0 = Debug|Any CPU
		{9E3CDB32-C09B-4D2E-92B7-B12616B399E8}.Release|Any CPU.ActiveCfg = Release|Any CPU
		{9E3CDB32-C09B-4D2E-92B7-B12616B399E8}.Release|Any CPU.Build.0 = Release|Any CPU
	EndGlobalSection
	GlobalSection(SolutionProperties) = preSolution
		HideSolutionNode = FALSE
	EndGlobalSection
	GlobalSection(NestedProjects) = preSolution
		{FC820FD5-0407-4761-B87B-58D73E788D9C} = {270FD780-CB0F-4ED2-B47A-A685ACDF72D5}
		{A5EE604E-C0F9-4AFB-B77F-47E7414BFBD3} = {270FD780-CB0F-4ED2-B47A-A685ACDF72D5}
		{9E3CDB32-C09B-4D2E-92B7-B12616B399E8} = {72717E35-DB15-4A19-9973-B3EDD76281CF}
		{72717E35-DB15-4A19-9973-B3EDD76281CF} = {FC820FD5-0407-4761-B87B-58D73E788D9C}
		{FD078FCA-31E3-42B4-874B-807E3EEFF6FA} = {FC820FD5-0407-4761-B87B-58D73E788D9C}
		{728755B9-2133-4B9B-8337-B99C7ED42B9E} = {FC820FD5-0407-4761-B87B-58D73E788D9C}
		{A39EE7BC-D383-4B80-9685-3697726200A6} = {FC820FD5-0407-4761-B87B-58D73E788D9C}
		{28C86749-F192-411F-A7A6-B0BD995107B7} = {FC820FD5-0407-4761-B87B-58D73E788D9C}
		{14420761-D401-4B37-BBAC-E63D729FA90B} = {A5EE604E-C0F9-4AFB-B77F-47E7414BFBD3}
		{8C8967C0-720B-4562-8801-9E6AAB810E95} = {A5EE604E-C0F9-4AFB-B77F-47E7414BFBD3}
		{BDCA3C73-1DC3-49E8-8472-5528706F4B30} = {A5EE604E-C0F9-4AFB-B77F-47E7414BFBD3}
		{A3E61ED8-E88A-472E-94CB-F8DE6424DA2E} = {A5EE604E-C0F9-4AFB-B77F-47E7414BFBD3}
		{5141B7FE-4013-46A0-A10D-B9731D5AC5D4} = {A5EE604E-C0F9-4AFB-B77F-47E7414BFBD3}
		{E9AAC929-34AA-4470-B156-60A7206C0B2A} = {CBF80AC3-F2A3-4738-8E9F-CD10C66729F7}
		{F8008B9E-C2CA-4B1A-8EBB-C3BEE758FEEC} = {CBF80AC3-F2A3-4738-8E9F-CD10C66729F7}
		{773B2A6D-3FF3-43B4-9EC3-B880417C6E8B} = {CBF80AC3-F2A3-4738-8E9F-CD10C66729F7}
		{FA21AF70-3A70-4E7A-8151-DCADD0FD4A8A} = {CBF80AC3-F2A3-4738-8E9F-CD10C66729F7}
		{E516F863-14CC-4EA0-A029-C565D96C880B} = {CBF80AC3-F2A3-4738-8E9F-CD10C66729F7}
	EndGlobalSection
	GlobalSection(ExtensibilityGlobals) = postSolution
		SolutionGuid = {D1B34512-E7D1-4EF4-B54A-B3B7B2A384A9}
	EndGlobalSection
EndGlobal
