
Microsoft Visual Studio Solution File, Format Version 12.00
# Visual Studio Version 17
VisualStudioVersion = 17.10.35027.167
MinimumVisualStudioVersion = 10.0.40219.1
Project("{FAE04EC0-301F-11D3-BF4B-00C04F79EFBC}") = "WFBase", "..\WFBase\WFBase.csproj", "{5B5C496C-CECC-43BF-BAEF-F0AE3ABA59EE}"
EndProject
Project("{FAE04EC0-301F-11D3-BF4B-00C04F79EFBC}") = "WFGerenciadorArquivosGrid", "..\WFGerenciadorArquivosGrid\WFGerenciadorArquivosGrid.csproj", "{D1E83B11-4ED6-466F-8B1A-75F188F97181}"
EndProject
Project("{FAE04EC0-301F-11D3-BF4B-00C04F79EFBC}") = "WFServices", "..\WFServices\WFServices.csproj", "{B6970DA4-102E-470A-9C4D-9E0B9E646742}"
EndProject
Global
	GlobalSection(SolutionConfigurationPlatforms) = preSolution
		Debug|Any CPU = Debug|Any CPU
		Release|Any CPU = Release|Any CPU
	EndGlobalSection
	GlobalSection(ProjectConfigurationPlatforms) = postSolution
		{5B5C496C-CECC-43BF-BAEF-F0AE3ABA59EE}.Debug|Any CPU.ActiveCfg = Debug|Any CPU
		{5B5C496C-CECC-43BF-BAEF-F0AE3ABA59EE}.Debug|Any CPU.Build.0 = Debug|Any CPU
		{5B5C496C-CECC-43BF-BAEF-F0AE3ABA59EE}.Release|Any CPU.ActiveCfg = Release|Any CPU
		{5B5C496C-CECC-43BF-BAEF-F0AE3ABA59EE}.Release|Any CPU.Build.0 = Release|Any CPU
		{D1E83B11-4ED6-466F-8B1A-75F188F97181}.Debug|Any CPU.ActiveCfg = Debug|Any CPU
		{D1E83B11-4ED6-466F-8B1A-75F188F97181}.Debug|Any CPU.Build.0 = Debug|Any CPU
		{D1E83B11-4ED6-466F-8B1A-75F188F97181}.Release|Any CPU.ActiveCfg = Release|Any CPU
		{D1E83B11-4ED6-466F-8B1A-75F188F97181}.Release|Any CPU.Build.0 = Release|Any CPU
		{B6970DA4-102E-470A-9C4D-9E0B9E646742}.Debug|Any CPU.ActiveCfg = Debug|Any CPU
		{B6970DA4-102E-470A-9C4D-9E0B9E646742}.Debug|Any CPU.Build.0 = Debug|Any CPU
		{B6970DA4-102E-470A-9C4D-9E0B9E646742}.Release|Any CPU.ActiveCfg = Release|Any CPU
		{B6970DA4-102E-470A-9C4D-9E0B9E646742}.Release|Any CPU.Build.0 = Release|Any CPU
	EndGlobalSection
	GlobalSection(SolutionProperties) = preSolution
		HideSolutionNode = FALSE
	EndGlobalSection
	GlobalSection(ExtensibilityGlobals) = postSolution
		SolutionGuid = {D1B34512-E7D1-4EF4-B54A-B3B7B2A384A9}
	EndGlobalSection
EndGlobal
